// !$*UTF8*$!
{
	archiveVersion = 1;
	classes = {
	};
	objectVersion = 77;
	objects = {

/* Begin PBXContainerItemProxy section */
		5446DE702EBBE5CB00C5E478 /* PBXContainerItemProxy */ = {
			isa = PBXContainerItemProxy;
			containerPortal = 5446DE562EBBE5C900C5E478 /* Project object */;
			proxyType = 1;
			remoteGlobalIDString = 5446DE5D2EBBE5C900C5E478;
			remoteInfo = "Port Inspector";
		};
		5446DE7A2EBBE5CB00C5E478 /* PBXContainerItemProxy */ = {
			isa = PBXContainerItemProxy;
			containerPortal = 5446DE562EBBE5C900C5E478 /* Project object */;
			proxyType = 1;
			remoteGlobalIDString = 5446DE5D2EBBE5C900C5E478;
			remoteInfo = "Port Inspector";
		};
/* End PBXContainerItemProxy section */

/* Begin PBXFileReference section */
		5446DE5E2EBBE5C900C5E478 /* Port Inspector.app */ = {isa = PBXFileReference; explicitFileType = wrapper.application; includeInIndex = 0; path = "Port Inspector.app"; sourceTree = BUILT_PRODUCTS_DIR; };
		5446DE6F2EBBE5CB00C5E478 /* Port InspectorTests.xctest */ = {isa = PBXFileReference; explicitFileType = wrapper.cfbundle; includeInIndex = 0; path = "Port InspectorTests.xctest"; sourceTree = BUILT_PRODUCTS_DIR; };
		5446DE792EBBE5CB00C5E478 /* Port InspectorUITests.xctest */ = {isa = PBXFileReference; explicitFileType = wrapper.cfbundle; includeInIndex = 0; path = "Port InspectorUITests.xctest"; sourceTree = BUILT_PRODUCTS_DIR; };
/* End PBXFileReference section */

/* Begin PBXFileSystemSynchronizedRootGroup section */
		5446DE602EBBE5C900C5E478 /* Port Inspector */ = {
			isa = PBXFileSystemSynchronizedRootGroup;
			path = "Port Inspector";
			sourceTree = "<group>";
		};
		5446DE722EBBE5CB00C5E478 /* Port InspectorTests */ = {
			isa = PBXFileSystemSynchronizedRootGroup;
			path = "Port InspectorTests";
			sourceTree = "<group>";
		};
		5446DE7C2EBBE5CB00C5E478 /* Port InspectorUITests */ = {
			isa = PBXFileSystemSynchronizedRootGroup;
			path = "Port InspectorUITests";
			sourceTree = "<group>";
		};
/* End PBXFileSystemSynchronizedRootGroup section */

/* Begin PBXFrameworksBuildPhase section */
		5446DE5B2EBBE5C900C5E478 /* Frameworks */ = {
			isa = PBXFrameworksBuildPhase;
			buildActionMask = 2147483647;
			files = (
			);
			runOnlyForDeploymentPostprocessing = 0;
		};
		5446DE6C2EBBE5CB00C5E478 /* Frameworks */ = {
			isa = PBXFrameworksBuildPhase;
			buildActionMask = 2147483647;
			files = (
			);
			runOnlyForDeploymentPostprocessing = 0;
		};
		5446DE762EBBE5CB00C5E478 /* Frameworks */ = {
			isa = PBXFrameworksBuildPhase;
			buildActionMask = 2147483647;
			files = (
			);
			runOnlyForDeploymentPostprocessing = 0;
		};
/* End PBXFrameworksBuildPhase section */

/* Begin PBXGroup section */
		5446DE552EBBE5C900C5E478 = {
			isa = PBXGroup;
			children = (
				5446DE602EBBE5C900C5E478 /* Port Inspector */,
				5446DE722EBBE5CB00C5E478 /* Port InspectorTests */,
				5446DE7C2EBBE5CB00C5E478 /* Port InspectorUITests */,
				5446DE5F2EBBE5C900C5E478 /* Products */,
			);
			sourceTree = "<group>";
		};
		5446DE5F2EBBE5C900C5E478 /* Products */ = {
			isa = PBXGroup;
			children = (
				5446DE5E2EBBE5C900C5E478 /* Port Inspector.app */,
				5446DE6F2EBBE5CB00C5E478 /* Port InspectorTests.xctest */,
				5446DE792EBBE5CB00C5E478 /* Port InspectorUITests.xctest */,
			);
			name = Products;
			sourceTree = "<group>";
		};
/* End PBXGroup section */

/* Begin PBXNativeTarget section */
		5446DE5D2EBBE5C900C5E478 /* Port Inspector */ = {
			isa = PBXNativeTarget;
			buildConfigurationList = 5446DE832EBBE5CB00C5E478 /* Build configuration list for PBXNativeTarget "Port Inspector" */;
			buildPhases = (
				5446DE5A2EBBE5C900C5E478 /* Sources */,
				5446DE5B2EBBE5C900C5E478 /* Frameworks */,
				5446DE5C2EBBE5C900C5E478 /* Resources */,
			);
			buildRules = (
			);
			dependencies = (
			);
			fileSystemSynchronizedGroups = (
				5446DE602EBBE5C900C5E478 /* Port Inspector */,
			);
			name = "Port Inspector";
			packageProductDependencies = (
			);
			productName = "Port Inspector";
			productReference = 5446DE5E2EBBE5C900C5E478 /* Port Inspector.app */;
			productType = "com.apple.product-type.application";
		};
		5446DE6E2EBBE5CB00C5E478 /* Port InspectorTests */ = {
			isa = PBXNativeTarget;
			buildConfigurationList = 5446DE862EBBE5CB00C5E478 /* Build configuration list for PBXNativeTarget "Port InspectorTests" */;
			buildPhases = (
				5446DE6B2EBBE5CB00C5E478 /* Sources */,
				5446DE6C2EBBE5CB00C5E478 /* Frameworks */,
				5446DE6D2EBBE5CB00C5E478 /* Resources */,
			);
			buildRules = (
			);
			dependencies = (
				5446DE712EBBE5CB00C5E478 /* PBXTargetDependency */,
			);
			fileSystemSynchronizedGroups = (
				5446DE722EBBE5CB00C5E478 /* Port InspectorTests */,
			);
			name = "Port InspectorTests";
			packageProductDependencies = (
			);
			productName = "Port InspectorTests";
			productReference = 5446DE6F2EBBE5CB00C5E478 /* Port InspectorTests.xctest */;
			productType = "com.apple.product-type.bundle.unit-test";
		};
		5446DE782EBBE5CB00C5E478 /* Port InspectorUITests */ = {
			isa = PBXNativeTarget;
			buildConfigurationList = 5446DE892EBBE5CB00C5E478 /* Build configuration list for PBXNativeTarget "Port InspectorUITests" */;
			buildPhases = (
				5446DE752EBBE5CB00C5E478 /* Sources */,
				5446DE762EBBE5CB00C5E478 /* Frameworks */,
				5446DE772EBBE5CB00C5E478 /* Resources */,
			);
			buildRules = (
			);
			dependencies = (
				5446DE7B2EBBE5CB00C5E478 /* PBXTargetDependency */,
			);
			fileSystemSynchronizedGroups = (
				5446DE7C2EBBE5CB00C5E478 /* Port InspectorUITests */,
			);
			name = "Port InspectorUITests";
			packageProductDependencies = (
			);
			productName = "Port InspectorUITests";
			productReference = 5446DE792EBBE5CB00C5E478 /* Port InspectorUITests.xctest */;
			productType = "com.apple.product-type.bundle.ui-testing";
		};
/* End PBXNativeTarget section */

/* Begin PBXProject section */
		5446DE562EBBE5C900C5E478 /* Project object */ = {
			isa = PBXProject;
			attributes = {
				BuildIndependentTargetsInParallel = 1;
				LastSwiftUpdateCheck = 1620;
				LastUpgradeCheck = 1620;
				TargetAttributes = {
					5446DE5D2EBBE5C900C5E478 = {
						CreatedOnToolsVersion = 16.2;
					};
					5446DE6E2EBBE5CB00C5E478 = {
						CreatedOnToolsVersion = 16.2;
						TestTargetID = 5446DE5D2EBBE5C900C5E478;
					};
					5446DE782EBBE5CB00C5E478 = {
						CreatedOnToolsVersion = 16.2;
						TestTargetID = 5446DE5D2EBBE5C900C5E478;
					};
				};
			};
			buildConfigurationList = 5446DE592EBBE5C900C5E478 /* Build configuration list for PBXProject "Port Inspector" */;
			developmentRegion = en;
			hasScannedForEncodings = 0;
			knownRegions = (
				en,
				Base,
			);
			mainGroup = 5446DE552EBBE5C900C5E478;
			minimizedProjectReferenceProxies = 1;
			preferredProjectObjectVersion = 77;
			productRefGroup = 5446DE5F2EBBE5C900C5E478 /* Products */;
			projectDirPath = "";
			projectRoot = "";
			targets = (
				5446DE5D2EBBE5C900C5E478 /* Port Inspector */,
				5446DE6E2EBBE5CB00C5E478 /* Port InspectorTests */,
				5446DE782EBBE5CB00C5E478 /* Port InspectorUITests */,
			);
		};
/* End PBXProject section */

/* Begin PBXResourcesBuildPhase section */
		5446DE5C2EBBE5C900C5E478 /* Resources */ = {
			isa = PBXResourcesBuildPhase;
			buildActionMask = 2147483647;
			files = (
			);
			runOnlyForDeploymentPostprocessing = 0;
		};
		5446DE6D2EBBE5CB00C5E478 /* Resources */ = {
			isa = PBXResourcesBuildPhase;
			buildActionMask = 2147483647;
			files = (
			);
			runOnlyForDeploymentPostprocessing = 0;
		};
		5446DE772EBBE5CB00C5E478 /* Resources */ = {
			isa = PBXResourcesBuildPhase;
			buildActionMask = 2147483647;
			files = (
			);
			runOnlyForDeploymentPostprocessing = 0;
		};
/* End PBXResourcesBuildPhase section */

/* Begin PBXSourcesBuildPhase section */
		5446DE5A2EBBE5C900C5E478 /* Sources */ = {
			isa = PBXSourcesBuildPhase;
			buildActionMask = 2147483647;
			files = (
			);
			runOnlyForDeploymentPostprocessing = 0;
		};
		5446DE6B2EBBE5CB00C5E478 /* Sources */ = {
			isa = PBXSourcesBuildPhase;
			buildActionMask = 2147483647;
			files = (
			);
			runOnlyForDeploymentPostprocessing = 0;
		};
		5446DE752EBBE5CB00C5E478 /* Sources */ = {
			isa = PBXSourcesBuildPhase;
			buildActionMask = 2147483647;
			files = (
			);
			runOnlyForDeploymentPostprocessing = 0;
		};
/* End PBXSourcesBuildPhase section */

/* Begin PBXTargetDependency section */
		5446DE712EBBE5CB00C5E478 /* PBXTargetDependency */ = {
			isa = PBXTargetDependency;
			target = 5446DE5D2EBBE5C900C5E478 /* Port Inspector */;
			targetProxy = 5446DE702EBBE5CB00C5E478 /* PBXContainerItemProxy */;
		};
		5446DE7B2EBBE5CB00C5E478 /* PBXTargetDependency */ = {
			isa = PBXTargetDependency;
			target = 5446DE5D2EBBE5C900C5E478 /* Port Inspector */;
			targetProxy = 5446DE7A2EBBE5CB00C5E478 /* PBXContainerItemProxy */;
		};
/* End PBXTargetDependency section */

/* Begin XCBuildConfiguration section */
		5446DE812EBBE5CB00C5E478 /* Debug */ = {
			isa = XCBuildConfiguration;
			buildSettings = {
				ALWAYS_SEARCH_USER_PATHS = NO;
				ASSETCATALOG_COMPILER_GENERATE_SWIFT_ASSET_SYMBOL_EXTENSIONS = YES;
				CLANG_ANALYZER_NONNULL = YES;
				CLANG_ANALYZER_NUMBER_OBJECT_CONVERSION = YES_AGGRESSIVE;
				CLANG_CXX_LANGUAGE_STANDARD = "gnu++20";
				CLANG_ENABLE_MODULES = YES;
				CLANG_ENABLE_OBJC_ARC = YES;
				CLANG_ENABLE_OBJC_WEAK = YES;
				CLANG_WARN_BLOCK_CAPTURE_AUTORELEASING = YES;
				CLANG_WARN_BOOL_CONVERSION = YES;
				CLANG_WARN_COMMA = YES;
				CLANG_WARN_CONSTANT_CONVERSION = YES;
				CLANG_WARN_DEPRECATED_OBJC_IMPLEMENTATIONS = YES;
				CLANG_WARN_DIRECT_OBJC_ISA_USAGE = YES_ERROR;
				CLANG_WARN_DOCUMENTATION_COMMENTS = YES;
				CLANG_WARN_EMPTY_BODY = YES;
				CLANG_WARN_ENUM_CONVERSION = YES;
				CLANG_WARN_INFINITE_RECURSION = YES;
				CLANG_WARN_INT_CONVERSION = YES;
				CLANG_WARN_NON_LITERAL_NULL_CONVERSION = YES;
				CLANG_WARN_OBJC_IMPLICIT_RETAIN_SELF = YES;
				CLANG_WARN_OBJC_LITERAL_CONVERSION = YES;
				CLANG_WARN_OBJC_ROOT_CLASS = YES_ERROR;
				CLANG_WARN_QUOTED_INCLUDE_IN_FRAMEWORK_HEADER = YES;
				CLANG_WARN_RANGE_LOOP_ANALYSIS = YES;
				CLANG_WARN_STRICT_PROTOTYPES = YES;
				CLANG_WARN_SUSPICIOUS_MOVE = YES;
				CLANG_WARN_UNGUARDED_AVAILABILITY = YES_AGGRESSIVE;
				CLANG_WARN_UNREACHABLE_CODE = YES;
				CLANG_WARN__DUPLICATE_METHOD_MATCH = YES;
				COPY_PHASE_STRIP = NO;
				DEBUG_INFORMATION_FORMAT = dwarf;
				ENABLE_STRICT_OBJC_MSGSEND = YES;
				ENABLE_TESTABILITY = YES;
				ENABLE_USER_SCRIPT_SANDBOXING = YES;
				GCC_C_LANGUAGE_STANDARD = gnu17;
				GCC_DYNAMIC_NO_PIC = NO;
				GCC_NO_COMMON_BLOCKS = YES;
				GCC_OPTIMIZATION_LEVEL = 0;
				GCC_PREPROCESSOR_DEFINITIONS = (
					"DEBUG=1",
					"$(inherited)",
				);
				GCC_WARN_64_TO_32_BIT_CONVERSION = YES;
				GCC_WARN_ABOUT_RETURN_TYPE = YES_ERROR;
				GCC_WARN_UNDECLARED_SELECTOR = YES;
				GCC_WARN_UNINITIALIZED_AUTOS = YES_AGGRESSIVE;
				GCC_WARN_UNUSED_FUNCTION = YES;
				GCC_WARN_UNUSED_VARIABLE = YES;
				LOCALIZATION_PREFERS_STRING_CATALOGS = YES;
				MACOSX_DEPLOYMENT_TARGET = 15.2;
				MTL_ENABLE_DEBUG_INFO = INCLUDE_SOURCE;
				MTL_FAST_MATH = YES;
				ONLY_ACTIVE_ARCH = YES;
				SDKROOT = macosx;
				SWIFT_ACTIVE_COMPILATION_CONDITIONS = "DEBUG $(inherited)";
				SWIFT_OPTIMIZATION_LEVEL = "-Onone";
			};
			name = Debug;
		};
		5446DE822EBBE5CB00C5E478 /* Release */ = {
			isa = XCBuildConfiguration;
			buildSettings = {
				ALWAYS_SEARCH_USER_PATHS = NO;
				ASSETCATALOG_COMPILER_GENERATE_SWIFT_ASSET_SYMBOL_EXTENSIONS = YES;
				CLANG_ANALYZER_NONNULL = YES;
				CLANG_ANALYZER_NUMBER_OBJECT_CONVERSION = YES_AGGRESSIVE;
				CLANG_CXX_LANGUAGE_STANDARD = "gnu++20";
				CLANG_ENABLE_MODULES = YES;
				CLANG_ENABLE_OBJC_ARC = YES;
				CLANG_ENABLE_OBJC_WEAK = YES;
				CLANG_WARN_BLOCK_CAPTURE_AUTORELEASING = YES;
				CLANG_WARN_BOOL_CONVERSION = YES;
				CLANG_WARN_COMMA = YES;
				CLANG_WARN_CONSTANT_CONVERSION = YES;
				CLANG_WARN_DEPRECATED_OBJC_IMPLEMENTATIONS = YES;
				CLANG_WARN_DIRECT_OBJC_ISA_USAGE = YES_ERROR;
				CLANG_WARN_DOCUMENTATION_COMMENTS = YES;
				CLANG_WARN_EMPTY_BODY = YES;
				CLANG_WARN_ENUM_CONVERSION = YES;
				CLANG_WARN_INFINITE_RECURSION = YES;
				CLANG_WARN_INT_CONVERSION = YES;
				CLANG_WARN_NON_LITERAL_NULL_CONVERSION = YES;
				CLANG_WARN_OBJC_IMPLICIT_RETAIN_SELF = YES;
				CLANG_WARN_OBJC_LITERAL_CONVERSION = YES;
				CLANG_WARN_OBJC_ROOT_CLASS = YES_ERROR;
				CLANG_WARN_QUOTED_INCLUDE_IN_FRAMEWORK_HEADER = YES;
				CLANG_WARN_RANGE_LOOP_ANALYSIS = YES;
				CLANG_WARN_STRICT_PROTOTYPES = YES;
				CLANG_WARN_SUSPICIOUS_MOVE = YES;
				CLANG_WARN_UNGUARDED_AVAILABILITY = YES_AGGRESSIVE;
				CLANG_WARN_UNREACHABLE_CODE = YES;
				CLANG_WARN__DUPLICATE_METHOD_MATCH = YES;
				COPY_PHASE_STRIP = NO;
				DEBUG_INFORMATION_FORMAT = "dwarf-with-dsym";
				ENABLE_NS_ASSERTIONS = NO;
				ENABLE_STRICT_OBJC_MSGSEND = YES;
				ENABLE_USER_SCRIPT_SANDBOXING = YES;
				GCC_C_LANGUAGE_STANDARD = gnu17;
				GCC_NO_COMMON_BLOCKS = YES;
				GCC_WARN_64_TO_32_BIT_CONVERSION = YES;
				GCC_WARN_ABOUT_RETURN_TYPE = YES_ERROR;
				GCC_WARN_UNDECLARED_SELECTOR = YES;
				GCC_WARN_UNINITIALIZED_AUTOS = YES_AGGRESSIVE;
				GCC_WARN_UNUSED_FUNCTION = YES;
				GCC_WARN_UNUSED_VARIABLE = YES;
				LOCALIZATION_PREFERS_STRING_CATALOGS = YES;
				MACOSX_DEPLOYMENT_TARGET = 15.2;
				MTL_ENABLE_DEBUG_INFO = NO;
				MTL_FAST_MATH = YES;
				SDKROOT = macosx;
				SWIFT_COMPILATION_MODE = wholemodule;
			};
			name = Release;
		};
		5446DE842EBBE5CB00C5E478 /* Debug */ = {
			isa = XCBuildConfiguration;
			buildSettings = {
				ASSETCATALOG_COMPILER_APPICON_NAME = AppIcon;
				ASSETCATALOG_COMPILER_GLOBAL_ACCENT_COLOR_NAME = AccentColor;
				CODE_SIGN_ENTITLEMENTS = "Port Inspector/Port_Inspector.entitlements";
				CODE_SIGN_STYLE = Automatic;
				COMBINE_HIDPI_IMAGES = YES;
				CURRENT_PROJECT_VERSION = 1;
				DEVELOPMENT_ASSET_PATHS = "\"Port Inspector/Preview Content\"";
				DEVELOPMENT_TEAM = UE297763KB;
				ENABLE_HARDENED_RUNTIME = YES;
				ENABLE_PREVIEWS = YES;
				GENERATE_INFOPLIST_FILE = YES;
				INFOPLIST_KEY_NSHumanReadableCopyright = "";
				LD_RUNPATH_SEARCH_PATHS = (
					"$(inherited)",
					"@executable_path/../Frameworks",
				);
				MARKETING_VERSION = 1.0;
				PRODUCT_BUNDLE_IDENTIFIER = "com.irrelon.Port-Inspector";
				PRODUCT_NAME = "$(TARGET_NAME)";
				SWIFT_EMIT_LOC_STRINGS = YES;
				SWIFT_VERSION = 5.0;
			};
			name = Debug;
		};
		5446DE852EBBE5CB00C5E478 /* Release */ = {
			isa = XCBuildConfiguration;
			buildSettings = {
				ASSETCATALOG_COMPILER_APPICON_NAME = AppIcon;
				ASSETCATALOG_COMPILER_GLOBAL_ACCENT_COLOR_NAME = AccentColor;
				CODE_SIGN_ENTITLEMENTS = "Port Inspector/Port_Inspector.entitlements";
				CODE_SIGN_STYLE = Automatic;
				COMBINE_HIDPI_IMAGES = YES;
				CURRENT_PROJECT_VERSION = 1;
				DEVELOPMENT_ASSET_PATHS = "\"Port Inspector/Preview Content\"";
				DEVELOPMENT_TEAM = UE297763KB;
				ENABLE_HARDENED_RUNTIME = YES;
				ENABLE_PREVIEWS = YES;
				GENERATE_INFOPLIST_FILE = YES;
				INFOPLIST_KEY_NSHumanReadableCopyright = "";
				LD_RUNPATH_SEARCH_PATHS = (
					"$(inherited)",
					"@executable_path/../Frameworks",
				);
				MARKETING_VERSION = 1.0;
				PRODUCT_BUNDLE_IDENTIFIER = "com.irrelon.Port-Inspector";
				PRODUCT_NAME = "$(TARGET_NAME)";
				SWIFT_EMIT_LOC_STRINGS = YES;
				SWIFT_VERSION = 5.0;
			};
			name = Release;
		};
		5446DE872EBBE5CB00C5E478 /* Debug */ = {
			isa = XCBuildConfiguration;
			buildSettings = {
				BUNDLE_LOADER = "$(TEST_HOST)";
				CODE_SIGN_STYLE = Automatic;
				CURRENT_PROJECT_VERSION = 1;
				DEVELOPMENT_TEAM = UE297763KB;
				GENERATE_INFOPLIST_FILE = YES;
				MACOSX_DEPLOYMENT_TARGET = 15.2;
				MARKETING_VERSION = 1.0;
				PRODUCT_BUNDLE_IDENTIFIER = "com.irrelon.Port-InspectorTests";
				PRODUCT_NAME = "$(TARGET_NAME)";
				SWIFT_EMIT_LOC_STRINGS = NO;
				SWIFT_VERSION = 5.0;
				TEST_HOST = "$(BUILT_PRODUCTS_DIR)/Port Inspector.app/$(BUNDLE_EXECUTABLE_FOLDER_PATH)/Port Inspector";
			};
			name = Debug;
		};
		5446DE882EBBE5CB00C5E478 /* Release */ = {
			isa = XCBuildConfiguration;
			buildSettings = {
				BUNDLE_LOADER = "$(TEST_HOST)";
				CODE_SIGN_STYLE = Automatic;
				CURRENT_PROJECT_VERSION = 1;
				DEVELOPMENT_TEAM = UE297763KB;
				GENERATE_INFOPLIST_FILE = YES;
				MACOSX_DEPLOYMENT_TARGET = 15.2;
				MARKETING_VERSION = 1.0;
				PRODUCT_BUNDLE_IDENTIFIER = "com.irrelon.Port-InspectorTests";
				PRODUCT_NAME = "$(TARGET_NAME)";
				SWIFT_EMIT_LOC_STRINGS = NO;
				SWIFT_VERSION = 5.0;
				TEST_HOST = "$(BUILT_PRODUCTS_DIR)/Port Inspector.app/$(BUNDLE_EXECUTABLE_FOLDER_PATH)/Port Inspector";
			};
			name = Release;
		};
		5446DE8A2EBBE5CB00C5E478 /* Debug */ = {
			isa = XCBuildConfiguration;
			buildSettings = {
				CODE_SIGN_STYLE = Automatic;
				CURRENT_PROJECT_VERSION = 1;
				DEVELOPMENT_TEAM = UE297763KB;
				GENERATE_INFOPLIST_FILE = YES;
				MARKETING_VERSION = 1.0;
				PRODUCT_BUNDLE_IDENTIFIER = "com.irrelon.Port-InspectorUITests";
				PRODUCT_NAME = "$(TARGET_NAME)";
				SWIFT_EMIT_LOC_STRINGS = NO;
				SWIFT_VERSION = 5.0;
				TEST_TARGET_NAME = "Port Inspector";
			};
			name = Debug;
		};
		5446DE8B2EBBE5CB00C5E478 /* Release */ = {
			isa = XCBuildConfiguration;
			buildSettings = {
				CODE_SIGN_STYLE = Automatic;
				CURRENT_PROJECT_VERSION = 1;
				DEVELOPMENT_TEAM = UE297763KB;
				GENERATE_INFOPLIST_FILE = YES;
				MARKETING_VERSION = 1.0;
				PRODUCT_BUNDLE_IDENTIFIER = "com.irrelon.Port-InspectorUITests";
				PRODUCT_NAME = "$(TARGET_NAME)";
				SWIFT_EMIT_LOC_STRINGS = NO;
				SWIFT_VERSION = 5.0;
				TEST_TARGET_NAME = "Port Inspector";
			};
			name = Release;
		};
/* End XCBuildConfiguration section */

/* Begin XCConfigurationList section */
		5446DE592EBBE5C900C5E478 /* Build configuration list for PBXProject "Port Inspector" */ = {
			isa = XCConfigurationList;
			buildConfigurations = (
				5446DE812EBBE5CB00C5E478 /* Debug */,
				5446DE822EBBE5CB00C5E478 /* Release */,
			);
			defaultConfigurationIsVisible = 0;
			defaultConfigurationName = Release;
		};
		5446DE832EBBE5CB00C5E478 /* Build configuration list for PBXNativeTarget "Port Inspector" */ = {
			isa = XCConfigurationList;
			buildConfigurations = (
				5446DE842EBBE5CB00C5E478 /* Debug */,
				5446DE852EBBE5CB00C5E478 /* Release */,
			);
			defaultConfigurationIsVisible = 0;
			defaultConfigurationName = Release;
		};
		5446DE862EBBE5CB00C5E478 /* Build configuration list for PBXNativeTarget "Port InspectorTests" */ = {
			isa = XCConfigurationList;
			buildConfigurations = (
				5446DE872EBBE5CB00C5E478 /* Debug */,
				5446DE882EBBE5CB00C5E478 /* Release */,
			);
			defaultConfigurationIsVisible = 0;
			defaultConfigurationName = Release;
		};
		5446DE892EBBE5CB00C5E478 /* Build configuration list for PBXNativeTarget "Port InspectorUITests" */ = {
			isa = XCConfigurationList;
			buildConfigurations = (
				5446DE8A2EBBE5CB00C5E478 /* Debug */,
				5446DE8B2EBBE5CB00C5E478 /* Release */,
			);
			defaultConfigurationIsVisible = 0;
			defaultConfigurationName = Release;
		};
/* End XCConfigurationList section */
	};
	rootObject = 5446DE562EBBE5C900C5E478 /* Project object */;
}
